<Solution>
  <Folder Name="/src/">
    <Project Path="src/Documents.Api/Documents.Api.csproj" />
    <Project Path="src/Documents.Application/Documents.Application.csproj" />
    <Project Path="src/Documents.Domain/Documents.Domain.csproj" />
    <Project Path="src/Documents.Infrastructure/Documents.Infrastructure.csproj" />
  </Folder>
  <Folder Name="/tests/">
    <Project Path="tests/Documents.Tests/Documents.Tests.csproj" />
  </Folder>
</Solution>
